
Microsoft Visual Studio Solution File, Format Version 12.00
# Visual Studio Version 16
VisualStudioVersion = 16.0.32002.261
MinimumVisualStudioVersion = 10.0.40219.1
Project("{FAE04EC0-301F-11D3-BF4B-00C04F79EFBC}") = "Lab4", "Lab4.csproj", "{863E74F8-16F7-424D-95E4-F2DCBCB5B85B}"
EndProject
Global
	GlobalSection(SolutionConfigurationPlatforms) = preSolution
		Debug|Any CPU = Debug|Any CPU
		Release|Any CPU = Release|Any CPU
	EndGlobalSection
	GlobalSection(ProjectConfigurationPlatforms) = postSolution
		{863E74F8-16F7-424D-95E4-F2DCBCB5B85B}.Debug|Any CPU.ActiveCfg = Debug|Any CPU
		{863E74F8-16F7-424D-95E4-F2DCBCB5B85B}.Debug|Any CPU.Build.0 = Debug|Any CPU
		{863E74F8-16F7-424D-95E4-F2DCBCB5B85B}.Release|Any CPU.ActiveCfg = Release|Any CPU
		{863E74F8-16F7-424D-95E4-F2DCBCB5B85B}.Release|Any CPU.Build.0 = Release|Any CPU
	EndGlobalSection
	GlobalSection(SolutionProperties) = preSolution
		HideSolutionNode = FALSE
	EndGlobalSection
	GlobalSection(ExtensibilityGlobals) = postSolution
		SolutionGuid = {013A3B2C-0296-4272-ADDC-10DA9C562585}
	EndGlobalSection
EndGlobal
